
Microsoft Visual Studio Solution File, Format Version 12.00
# Visual Studio 14
VisualStudioVersion = 14.0.24720.0
MinimumVisualStudioVersion = 10.0.40219.1
Project("{FAE04EC0-301F-11D3-BF4B-00C04F79EFBC}") = "Twingly.Search.Client", "Twingly.Search.Client\Twingly.Search.Client.csproj", "{1CA044D7-1EDB-487F-9CEA-08661EB409AB}"
EndProject
Project("{FAE04EC0-301F-11D3-BF4B-00C04F79EFBC}") = "Twingly.Search.Tests", "Twingly.Search.Tests\Twingly.Search.Tests.csproj", "{966396FC-4EB1-46FF-B109-AE546256C473}"
EndProject
Project("{FAE04EC0-301F-11D3-BF4B-00C04F79EFBC}") = "Twingly.Search.Samples", "Twingly.Search.Samples\Twingly.Search.Samples.csproj", "{6A1BE79E-4A7F-4537-BF4A-9C1DA88D6FC5}"
EndProject
Global
	GlobalSection(SolutionConfigurationPlatforms) = preSolution
		Debug|Any CPU = Debug|Any CPU
		Release|Any CPU = Release|Any CPU
	EndGlobalSection
	GlobalSection(ProjectConfigurationPlatforms) = postSolution
		{1CA044D7-1EDB-487F-9CEA-08661EB409AB}.Debug|Any CPU.ActiveCfg = Debug|Any CPU
		{1CA044D7-1EDB-487F-9CEA-08661EB409AB}.Debug|Any CPU.Build.0 = Debug|Any CPU
		{1CA044D7-1EDB-487F-9CEA-08661EB409AB}.Release|Any CPU.ActiveCfg = Release|Any CPU
		{1CA044D7-1EDB-487F-9CEA-08661EB409AB}.Release|Any CPU.Build.0 = Release|Any CPU
		{966396FC-4EB1-46FF-B109-AE546256C473}.Debug|Any CPU.ActiveCfg = Debug|Any CPU
		{966396FC-4EB1-46FF-B109-AE546256C473}.Debug|Any CPU.Build.0 = Debug|Any CPU
		{966396FC-4EB1-46FF-B109-AE546256C473}.Release|Any CPU.ActiveCfg = Release|Any CPU
		{966396FC-4EB1-46FF-B109-AE546256C473}.Release|Any CPU.Build.0 = Release|Any CPU
		{6A1BE79E-4A7F-4537-BF4A-9C1DA88D6FC5}.Debug|Any CPU.ActiveCfg = Debug|Any CPU
		{6A1BE79E-4A7F-4537-BF4A-9C1DA88D6FC5}.Debug|Any CPU.Build.0 = Debug|Any CPU
		{6A1BE79E-4A7F-4537-BF4A-9C1DA88D6FC5}.Release|Any CPU.ActiveCfg = Release|Any CPU
		{6A1BE79E-4A7F-4537-BF4A-9C1DA88D6FC5}.Release|Any CPU.Build.0 = Release|Any CPU
	EndGlobalSection
	GlobalSection(SolutionProperties) = preSolution
		HideSolutionNode = FALSE
	EndGlobalSection
EndGlobal
